{
  "name": "html-shader-fx",
  "version": "1.0.0",
  "lockfileVersion": 1,
  "requires": true,
  "dependencies": {
    "canvas-image-transformer": {
      "version": "2.3.2",
      "resolved": "https://registry.npmjs.org/canvas-image-transformer/-/canvas-image-transformer-2.3.2.tgz",
      "integrity": "sha512-tAXE94Nx2i61iGGERZlUgozIbHJV0yQlxBqay3Zc3M6tajmRBnyiJtpA2pZEYcvrg157IAa1lCMNAVRipqZKwQ=="
    },
    "foreign-html-renderer": {
      "version": "1.0.1",
      "resolved": "https://registry.npmjs.org/foreign-html-renderer/-/foreign-html-renderer-1.0.1.tgz",
      "integrity": "sha512-/7cYo/uN2eJE0hu4nwt4fkan/PV3MkxZDdxoiBNzSX/VJN4LAij+F85nCbC57CZ4egmyxzayoq3q+OxE12XTIw==",
      "requires": {
        "paper-plane": "^4.0.0"
      }
    },
    "paper-plane": {
      "version": "4.0.0",
      "resolved": "https://registry.npmjs.org/paper-plane/-/paper-plane-4.0.0.tgz",
      "integrity": "sha512-Fnqy05yPWJXDywAN/SGy2eIoLfeGZzXSbxNijar+TIGND1mLOrxN0xyoz8hk8xfI+Fj2Kk9SAWJ+5duJy7cZ4A=="
    }
  }
}
